
Microsoft Visual Studio Solution File, Format Version 12.00
# Visual Studio Version 16
VisualStudioVersion = 16.0.30002.166
MinimumVisualStudioVersion = 10.0.40219.1
Project("{FAE04EC0-301F-11D3-BF4B-00C04F79EFBC}") = "travail2", "travail2\travail2.csproj", "{8BDC87F1-7922-46D2-A6DB-790AC2A3D0DE}"
EndProject
Project("{FAE04EC0-301F-11D3-BF4B-00C04F79EFBC}") = "UnitTestTP2Prog", "UnitTestTP2Prog\UnitTestTP2Prog.csproj", "{25622866-C829-4C97-8DBC-C585841DEB55}"
EndProject
Global
	GlobalSection(SolutionConfigurationPlatforms) = preSolution
		Debug|Any CPU = Debug|Any CPU
		Release|Any CPU = Release|Any CPU
	EndGlobalSection
	GlobalSection(ProjectConfigurationPlatforms) = postSolution
		{8BDC87F1-7922-46D2-A6DB-790AC2A3D0DE}.Debug|Any CPU.ActiveCfg = Debug|Any CPU
		{8BDC87F1-7922-46D2-A6DB-790AC2A3D0DE}.Debug|Any CPU.Build.0 = Debug|Any CPU
		{8BDC87F1-7922-46D2-A6DB-790AC2A3D0DE}.Release|Any CPU.ActiveCfg = Release|Any CPU
		{8BDC87F1-7922-46D2-A6DB-790AC2A3D0DE}.Release|Any CPU.Build.0 = Release|Any CPU
		{25622866-C829-4C97-8DBC-C585841DEB55}.Debug|Any CPU.ActiveCfg = Debug|Any CPU
		{25622866-C829-4C97-8DBC-C585841DEB55}.Debug|Any CPU.Build.0 = Debug|Any CPU
		{25622866-C829-4C97-8DBC-C585841DEB55}.Release|Any CPU.ActiveCfg = Release|Any CPU
		{25622866-C829-4C97-8DBC-C585841DEB55}.Release|Any CPU.Build.0 = Release|Any CPU
	EndGlobalSection
	GlobalSection(SolutionProperties) = preSolution
		HideSolutionNode = FALSE
	EndGlobalSection
	GlobalSection(ExtensibilityGlobals) = postSolution
		SolutionGuid = {C241BF85-4950-4358-BF56-0F1CF056073D}
	EndGlobalSection
EndGlobal
